{
  "name": "list-of-ingredients",
  "requires": true,
  "lockfileVersion": 1,
  "dependencies": {
    "argparse": {
      "version": "1.0.10",
      "resolved": "https://registry.npmjs.org/argparse/-/argparse-1.0.10.tgz",
      "integrity": "sha512-o5Roy6tNG4SL/FOkCAN6RzjiakZS25RLYFrcMttJqbdd8BWrnA+fGz57iN5Pb06pvBGvl5gQ0B48dJlslXvoTg==",
      "requires": {
        "sprintf-js": "~1.0.2"
      }
    },
    "autolinker": {
      "version": "0.28.1",
      "resolved": "https://registry.npmjs.org/autolinker/-/autolinker-0.28.1.tgz",
      "integrity": "sha1-BlK0kYgYefB3XazgzcoyM5QqTkc=",
      "requires": {
        "gulp-header": "^1.7.1"
      }
    },
    "concat-with-sourcemaps": {
      "version": "1.1.0",
      "resolved": "https://registry.npmjs.org/concat-with-sourcemaps/-/concat-with-sourcemaps-1.1.0.tgz",
      "integrity": "sha512-4gEjHJFT9e+2W/77h/DS5SGUgwDaOwprX8L/gl5+3ixnzkVJJsZWDSelmN3Oilw3LNDZjZV0yqH1hLG3k6nghg==",
      "requires": {
        "source-map": "^0.6.1"
      }
    },
    "core-util-is": {
      "version": "1.0.2",
      "resolved": "https://registry.npmjs.org/core-util-is/-/core-util-is-1.0.2.tgz",
      "integrity": "sha1-tf1UIgqivFq1eqtxQMlAdUUDwac="
    },
    "gulp-header": {
      "version": "1.8.12",
      "resolved": "https://registry.npmjs.org/gulp-header/-/gulp-header-1.8.12.tgz",
      "integrity": "sha512-lh9HLdb53sC7XIZOYzTXM4lFuXElv3EVkSDhsd7DoJBj7hm+Ni7D3qYbb+Rr8DuM8nRanBvkVO9d7askreXGnQ==",
      "requires": {
        "concat-with-sourcemaps": "*",
        "lodash.template": "^4.4.0",
        "through2": "^2.0.0"
      }
    },
    "inherits": {
      "version": "2.0.4",
      "resolved": "https://registry.npmjs.org/inherits/-/inherits-2.0.4.tgz",
      "integrity": "sha512-k/vGaX4/Yla3WzyMCvTQOXYeIHvqOKtnqBduzTHpzpQZzAskKMhZ2K+EnBiSM9zGSoIFeMpXKxa4dYeZIQqewQ=="
    },
    "isarray": {
      "version": "1.0.0",
      "resolved": "https://registry.npmjs.org/isarray/-/isarray-1.0.0.tgz",
      "integrity": "sha1-u5NdSFgsuhaMBoNJV6VKPgcSTxE="
    },
    "js-tokens": {
      "version": "4.0.0",
      "resolved": "https://registry.npmjs.org/js-tokens/-/js-tokens-4.0.0.tgz",
      "integrity": "sha512-RdJUflcE3cUzKiMqQgsCu06FPu9UdIJO0beYbPhHN4k6apgJtifcoCtT9bcxOpYBtpD2kCM6Sbzg4CausW/PKQ=="
    },
    "lodash._reinterpolate": {
      "version": "3.0.0",
      "resolved": "https://registry.npmjs.org/lodash._reinterpolate/-/lodash._reinterpolate-3.0.0.tgz",
      "integrity": "sha1-DM8tiRZq8Ds2Y8eWU4t1rG4RTZ0="
    },
    "lodash.template": {
      "version": "4.5.0",
      "resolved": "https://registry.npmjs.org/lodash.template/-/lodash.template-4.5.0.tgz",
      "integrity": "sha512-84vYFxIkmidUiFxidA/KjjH9pAycqW+h980j7Fuz5qxRtO9pgB7MDFTdys1N7A5mcucRiDyEq4fusljItR1T/A==",
      "requires": {
        "lodash._reinterpolate": "^3.0.0",
        "lodash.templatesettings": "^4.0.0"
      }
    },
    "lodash.templatesettings": {
      "version": "4.2.0",
      "resolved": "https://registry.npmjs.org/lodash.templatesettings/-/lodash.templatesettings-4.2.0.tgz",
      "integrity": "sha512-stgLz+i3Aa9mZgnjr/O+v9ruKZsPsndy7qPZOchbqk2cnTU1ZaldKK+v7m54WoKIyxiuMZTKT2H81F8BeAc3ZQ==",
      "requires": {
        "lodash._reinterpolate": "^3.0.0"
      }
    },
    "loose-envify": {
      "version": "1.4.0",
      "resolved": "https://registry.npmjs.org/loose-envify/-/loose-envify-1.4.0.tgz",
      "integrity": "sha512-lyuxPGr/Wfhrlem2CL/UcnUc1zcqKAImBDzukY7Y5F/yQiNdko6+fRLevlw1HgMySw7f611UIY408EtxRSoK3Q==",
      "requires": {
        "js-tokens": "^3.0.0 || ^4.0.0"
      }
    },
    "object-assign": {
      "version": "4.1.1",
      "resolved": "https://registry.npmjs.org/object-assign/-/object-assign-4.1.1.tgz",
      "integrity": "sha1-IQmtx5ZYh8/AXLvUQsrIv7s2CGM="
    },
    "process-nextick-args": {
      "version": "2.0.1",
      "resolved": "https://registry.npmjs.org/process-nextick-args/-/process-nextick-args-2.0.1.tgz",
      "integrity": "sha512-3ouUOpQhtgrbOa17J7+uxOTpITYWaGP7/AhoR3+A+/1e9skrzelGi/dXzEYyvbxubEF6Wn2ypscTKiKJFFn1ag=="
    },
    "prop-types": {
      "version": "15.7.2",
      "resolved": "https://registry.npmjs.org/prop-types/-/prop-types-15.7.2.tgz",
      "integrity": "sha512-8QQikdH7//R2vurIJSutZ1smHYTcLpRWEOlHnzcWHmBYrOGUysKwSsrC89BCiFj3CbrfJ/nXFdJepOVrY1GCHQ==",
      "requires": {
        "loose-envify": "^1.4.0",
        "object-assign": "^4.1.1",
        "react-is": "^16.8.1"
      }
    },
    "react": {
      "version": "16.9.0",
      "resolved": "https://registry.npmjs.org/react/-/react-16.9.0.tgz",
      "integrity": "sha512-+7LQnFBwkiw+BobzOF6N//BdoNw0ouwmSJTEm9cglOOmsg/TMiFHZLe2sEoN5M7LgJTj9oHH0gxklfnQe66S1w==",
      "requires": {
        "loose-envify": "^1.1.0",
        "object-assign": "^4.1.1",
        "prop-types": "^15.6.2"
      }
    },
    "react-is": {
      "version": "16.9.0",
      "resolved": "https://registry.npmjs.org/react-is/-/react-is-16.9.0.tgz",
      "integrity": "sha512-tJBzzzIgnnRfEm046qRcURvwQnZVXmuCbscxUO5RWrGTXpon2d4c8mI0D8WE6ydVIm29JiLB6+RslkIvym9Rjw=="
    },
    "react-remarkable": {
      "version": "1.1.3",
      "resolved": "https://registry.npmjs.org/react-remarkable/-/react-remarkable-1.1.3.tgz",
      "integrity": "sha512-H4kfiT0Q84OzNAcNfWKDMe1Xhm/7jJAIHV5n4mAff2N0nGpPtRN2M7zhLXaTalD5DNGCGKEq1b4XApZ/1QpKbg==",
      "requires": {
        "remarkable": "^1.x"
      }
    },
    "react-sound": {
      "version": "1.2.0",
      "resolved": "https://registry.npmjs.org/react-sound/-/react-sound-1.2.0.tgz",
      "integrity": "sha512-pc2l8f7Oy3VePRRVesBwSSJ0mrCeD/lE5GVCT1RPdEQ7lgbZTDyWI8HokXHmS1v79aiLnd3WTRhfsBAY0NTb8g==",
      "requires": {
        "prop-types": "^15.5.7",
        "soundmanager2": "^2.97.20170602"
      }
    },
    "readable-stream": {
      "version": "2.3.6",
      "resolved": "https://registry.npmjs.org/readable-stream/-/readable-stream-2.3.6.tgz",
      "integrity": "sha512-tQtKA9WIAhBF3+VLAseyMqZeBjW0AHJoxOtYqSUZNJxauErmLbVm2FW1y+J/YA9dUrAC39ITejlZWhVIwawkKw==",
      "requires": {
        "core-util-is": "~1.0.0",
        "inherits": "~2.0.3",
        "isarray": "~1.0.0",
        "process-nextick-args": "~2.0.0",
        "safe-buffer": "~5.1.1",
        "string_decoder": "~1.1.1",
        "util-deprecate": "~1.0.1"
      }
    },
    "remarkable": {
      "version": "1.7.4",
      "resolved": "https://registry.npmjs.org/remarkable/-/remarkable-1.7.4.tgz",
      "integrity": "sha512-e6NKUXgX95whv7IgddywbeN/ItCkWbISmc2DiqHJb0wTrqZIexqdco5b8Z3XZoo/48IdNVKM9ZCvTPJ4F5uvhg==",
      "requires": {
        "argparse": "^1.0.10",
        "autolinker": "~0.28.0"
      }
    },
    "remarkable-react": {
      "version": "1.4.1",
      "resolved": "https://registry.npmjs.org/remarkable-react/-/remarkable-react-1.4.1.tgz",
      "integrity": "sha512-V5GEcsM1Uw6qghaGJAaH1Od1aV+W8XDq3Bd6w78qfCefncNy3d2zL2UCx2Un4aeXkz2dR5P4wLc0+cPJJ5wvGA==",
      "requires": {
        "react": "^16.3.0"
      }
    },
    "safe-buffer": {
      "version": "5.1.2",
      "resolved": "https://registry.npmjs.org/safe-buffer/-/safe-buffer-5.1.2.tgz",
      "integrity": "sha512-Gd2UZBJDkXlY7GbJxfsE8/nvKkUEU1G38c1siN6QP6a9PT9MmHB8GnpscSmMJSoF8LOIrt8ud/wPtojys4G6+g=="
    },
    "soundmanager2": {
      "version": "2.97.20170602",
      "resolved": "https://registry.npmjs.org/soundmanager2/-/soundmanager2-2.97.20170602.tgz",
      "integrity": "sha512-2ee7ES9SJ++WkD7PGHMeT4QUuJr7uC3wacD6RoCDlKjdSp9lpEOaKm3lKWKld119DLILjS2l9U6xpXJN6U0KPQ=="
    },
    "source-map": {
      "version": "0.6.1",
      "resolved": "https://registry.npmjs.org/source-map/-/source-map-0.6.1.tgz",
      "integrity": "sha512-UjgapumWlbMhkBgzT7Ykc5YXUT46F0iKu8SGXq0bcwP5dz/h0Plj6enJqjz1Zbq2l5WaqYnrVbwWOWMyF3F47g=="
    },
    "sprintf-js": {
      "version": "1.0.3",
      "resolved": "https://registry.npmjs.org/sprintf-js/-/sprintf-js-1.0.3.tgz",
      "integrity": "sha1-BOaSb2YolTVPPdAVIDYzuFcpfiw="
    },
    "string_decoder": {
      "version": "1.1.1",
      "resolved": "https://registry.npmjs.org/string_decoder/-/string_decoder-1.1.1.tgz",
      "integrity": "sha512-n/ShnvDi6FHbbVfviro+WojiFzv+s8MPMHBczVePfUpDJLwoLT0ht1l4YwBCbi8pJAveEEdnkHyPyTP/mzRfwg==",
      "requires": {
        "safe-buffer": "~5.1.0"
      }
    },
    "through2": {
      "version": "2.0.5",
      "resolved": "https://registry.npmjs.org/through2/-/through2-2.0.5.tgz",
      "integrity": "sha512-/mrRod8xqpA+IHSLyGCQ2s8SPHiCDEeQJSep1jqLYeEUClOFG2Qsh+4FU6G9VeqpZnGW/Su8LQGc4YKni5rYSQ==",
      "requires": {
        "readable-stream": "~2.3.6",
        "xtend": "~4.0.1"
      }
    },
    "util-deprecate": {
      "version": "1.0.2",
      "resolved": "https://registry.npmjs.org/util-deprecate/-/util-deprecate-1.0.2.tgz",
      "integrity": "sha1-RQ1Nyfpw3nMnYvvS1KKJgUGaDM8="
    },
    "xtend": {
      "version": "4.0.2",
      "resolved": "https://registry.npmjs.org/xtend/-/xtend-4.0.2.tgz",
      "integrity": "sha512-LKYU1iAXJXUgAXn9URjiu+MWhyUXHsvfp7mcuYm9dSUKK0/CjtrUwFAxD82/mCWbtLsGjFIad0wIsod4zrTAEQ=="
    }
  }
}
